
Microsoft Visual Studio Solution File, Format Version 12.00
# Visual Studio Version 17
VisualStudioVersion = 17.0.32112.339
MinimumVisualStudioVersion = 10.0.40219.1
Project("{FAE04EC0-301F-11D3-BF4B-00C04F79EFBC}") = "WpfApp4", "WpfApp4\WpfApp4.csproj", "{27D76DE7-7848-484A-B4F9-FA0B45B3E766}"
EndProject
Global
	GlobalSection(SolutionConfigurationPlatforms) = preSolution
		Debug|Any CPU = Debug|Any CPU
		Release|Any CPU = Release|Any CPU
	EndGlobalSection
	GlobalSection(ProjectConfigurationPlatforms) = postSolution
		{27D76DE7-7848-484A-B4F9-FA0B45B3E766}.Debug|Any CPU.ActiveCfg = Debug|Any CPU
		{27D76DE7-7848-484A-B4F9-FA0B45B3E766}.Debug|Any CPU.Build.0 = Debug|Any CPU
		{27D76DE7-7848-484A-B4F9-FA0B45B3E766}.Release|Any CPU.ActiveCfg = Release|Any CPU
		{27D76DE7-7848-484A-B4F9-FA0B45B3E766}.Release|Any CPU.Build.0 = Release|Any CPU
	EndGlobalSection
	GlobalSection(SolutionProperties) = preSolution
		HideSolutionNode = FALSE
	EndGlobalSection
	GlobalSection(ExtensibilityGlobals) = postSolution
		SolutionGuid = {940ADAEC-9D63-4008-989F-47C2A6354988}
	EndGlobalSection
EndGlobal
